
Microsoft Visual Studio Solution File, Format Version 12.00
# Visual Studio Version 16
VisualStudioVersion = 16.0.32602.291
MinimumVisualStudioVersion = 10.0.40219.1
Project("{2150E333-8FDC-42A3-9474-1A3956D46DE8}") = "src", "src", "{BB7A2E9C-3629-4524-8DDE-F75A8A64BDF2}"
EndProject
Project("{2150E333-8FDC-42A3-9474-1A3956D46DE8}") = "Building Blocks", "Building Blocks", "{E884E881-41CB-47B0-8FD9-32428D6A6D51}"
EndProject
Project("{2150E333-8FDC-42A3-9474-1A3956D46DE8}") = "Services", "Services", "{986C62B4-625F-4D8F-B3F9-14B826DC0CFE}"
EndProject
Project("{2150E333-8FDC-42A3-9474-1A3956D46DE8}") = "Web", "Web", "{EDB54255-E6C7-4A2B-8E8A-8FBC51356734}"
EndProject
Project("{2150E333-8FDC-42A3-9474-1A3956D46DE8}") = "Core", "Core", "{F40955EA-F1F6-4FA5-B2D4-3C8FD963C549}"
EndProject
Project("{2150E333-8FDC-42A3-9474-1A3956D46DE8}") = "MVC", "MVC", "{FCE986C5-BB6A-431A-8520-5FA97A3C7031}"
EndProject
Project("{2150E333-8FDC-42A3-9474-1A3956D46DE8}") = "Authentication", "Authentication", "{4EAACD9D-E94F-4658-A819-5210B80615E4}"
EndProject
Project("{9A19103F-16F7-4668-BE54-9A1E7A4F7556}") = "ESE.WebApp.MVC", "src\web\ESE.WebApp.MVC\ESE.WebApp.MVC.csproj", "{201BC45E-6C41-4E67-9864-6788F44F1C26}"
EndProject
Project("{2150E333-8FDC-42A3-9474-1A3956D46DE8}") = "Catalog", "Catalog", "{FA0A90F2-314D-4A4D-9D57-5E29660FDE65}"
EndProject
Project("{9A19103F-16F7-4668-BE54-9A1E7A4F7556}") = "ESE.Catalog.API", "src\services\ESE.Catalog.API\ESE.Catalog.API.csproj", "{AB09C52E-9CA9-46F3-A698-F4DCD5EE96E0}"
EndProject
Project("{9A19103F-16F7-4668-BE54-9A1E7A4F7556}") = "ESE.Authentication.API", "src\services\ESE.Authentication.API\ESE.Authentication.API.csproj", "{11372DC2-727C-4C3B-B678-30891C922CB2}"
	ProjectSection(ProjectDependencies) = postProject
		{EF03D91D-37B8-40B7-B070-D1802A923A6D} = {EF03D91D-37B8-40B7-B070-D1802A923A6D}
	EndProjectSection
EndProject
Project("{9A19103F-16F7-4668-BE54-9A1E7A4F7556}") = "ESE.Core", "src\buildingblocks\ESE.Core\ESE.Core.csproj", "{EF03D91D-37B8-40B7-B070-D1802A923A6D}"
EndProject
Project("{2150E333-8FDC-42A3-9474-1A3956D46DE8}") = "Services", "Services", "{76FCA354-62DC-43DB-85ED-7FCCF0F97D65}"
EndProject
Project("{9A19103F-16F7-4668-BE54-9A1E7A4F7556}") = "ESE.WebAPI.Core", "src\buildingblocks\ESE.WebAPI.Core\ESE.WebAPI.Core.csproj", "{4CEA0B38-08AF-46AA-834E-42D84BEC0CF7}"
EndProject
Project("{2150E333-8FDC-42A3-9474-1A3956D46DE8}") = "Client", "Client", "{C1AEB9BE-B42D-43E9-A3DA-4C94890D6FE1}"
EndProject
Project("{9A19103F-16F7-4668-BE54-9A1E7A4F7556}") = "ESE.Clients.API", "src\services\ESE.Client.API\ESE.Clients.API.csproj", "{4677B87A-C1F6-4269-8402-E2869C0020A6}"
	ProjectSection(ProjectDependencies) = postProject
		{EF03D91D-37B8-40B7-B070-D1802A923A6D} = {EF03D91D-37B8-40B7-B070-D1802A923A6D}
		{4CEA0B38-08AF-46AA-834E-42D84BEC0CF7} = {4CEA0B38-08AF-46AA-834E-42D84BEC0CF7}
		{42A664DE-7173-44CE-9026-2B5D80B25BAB} = {42A664DE-7173-44CE-9026-2B5D80B25BAB}
	EndProjectSection
EndProject
Project("{2150E333-8FDC-42A3-9474-1A3956D46DE8}") = "MessageBus", "MessageBus", "{90F081F6-E436-4EAC-AA77-CE1DBECFBDA4}"
EndProject
Project("{9A19103F-16F7-4668-BE54-9A1E7A4F7556}") = "ESE.MessageBus", "src\buildingblocks\ESE.MessageBus\ESE.MessageBus.csproj", "{42A664DE-7173-44CE-9026-2B5D80B25BAB}"
EndProject
Project("{2150E333-8FDC-42A3-9474-1A3956D46DE8}") = "Cart", "Cart", "{0EDE6A76-408A-494E-9A7F-C55165D4E576}"
EndProject
Project("{9A19103F-16F7-4668-BE54-9A1E7A4F7556}") = "ESE.Cart.API", "src\services\ESE.Cart.API\ESE.Cart.API.csproj", "{9984BD19-FDDB-41FD-90BE-D3E117F2C841}"
EndProject
Project("{2150E333-8FDC-42A3-9474-1A3956D46DE8}") = "Api Gateways", "Api Gateways", "{90A55DB5-7F3A-4FD9-B1AC-9494AC81E19C}"
EndProject
Project("{2150E333-8FDC-42A3-9474-1A3956D46DE8}") = "Shopping", "Shopping", "{7CAC68B9-37BB-4751-8886-739AE35C99C7}"
EndProject
Project("{9A19103F-16F7-4668-BE54-9A1E7A4F7556}") = "ESE.Bff.Shopping", "src\apigateways\ESE.Bff.Shopping\ESE.Bff.Shopping.csproj", "{ACD116A6-A7EE-4E6E-A330-769710CB5E42}"
	ProjectSection(ProjectDependencies) = postProject
		{EF03D91D-37B8-40B7-B070-D1802A923A6D} = {EF03D91D-37B8-40B7-B070-D1802A923A6D}
		{4CEA0B38-08AF-46AA-834E-42D84BEC0CF7} = {4CEA0B38-08AF-46AA-834E-42D84BEC0CF7}
		{42A664DE-7173-44CE-9026-2B5D80B25BAB} = {42A664DE-7173-44CE-9026-2B5D80B25BAB}
	EndProjectSection
EndProject
Project("{2150E333-8FDC-42A3-9474-1A3956D46DE8}") = "Order", "Order", "{67041916-B70F-453E-8325-8D2A1531BF3A}"
EndProject
Project("{9A19103F-16F7-4668-BE54-9A1E7A4F7556}") = "ESE.Orders.API", "src\services\ESE.Order.API\ESE.Orders.API.csproj", "{D761FBD3-D853-4006-AE05-6ED63A16E5DE}"
EndProject
Project("{9A19103F-16F7-4668-BE54-9A1E7A4F7556}") = "ESE.Orders.Domain", "src\services\ESE.Order.Domain\ESE.Orders.Domain.csproj", "{1AB4EADA-33CE-4B10-8C7E-50B43C5B148A}"
EndProject
Project("{9A19103F-16F7-4668-BE54-9A1E7A4F7556}") = "ESE.Orders.Infra", "src\services\ESE.Order.Infra\ESE.Orders.Infra.csproj", "{910D4485-AC0A-46DC-A0E3-864215D9ABA3}"
EndProject
Global
	GlobalSection(SolutionConfigurationPlatforms) = preSolution
		Debug|Any CPU = Debug|Any CPU
		Release|Any CPU = Release|Any CPU
	EndGlobalSection
	GlobalSection(ProjectConfigurationPlatforms) = postSolution
		{201BC45E-6C41-4E67-9864-6788F44F1C26}.Debug|Any CPU.ActiveCfg = Debug|Any CPU
		{201BC45E-6C41-4E67-9864-6788F44F1C26}.Debug|Any CPU.Build.0 = Debug|Any CPU
		{201BC45E-6C41-4E67-9864-6788F44F1C26}.Release|Any CPU.ActiveCfg = Release|Any CPU
		{201BC45E-6C41-4E67-9864-6788F44F1C26}.Release|Any CPU.Build.0 = Release|Any CPU
		{AB09C52E-9CA9-46F3-A698-F4DCD5EE96E0}.Debug|Any CPU.ActiveCfg = Debug|Any CPU
		{AB09C52E-9CA9-46F3-A698-F4DCD5EE96E0}.Debug|Any CPU.Build.0 = Debug|Any CPU
		{AB09C52E-9CA9-46F3-A698-F4DCD5EE96E0}.Release|Any CPU.ActiveCfg = Release|Any CPU
		{AB09C52E-9CA9-46F3-A698-F4DCD5EE96E0}.Release|Any CPU.Build.0 = Release|Any CPU
		{11372DC2-727C-4C3B-B678-30891C922CB2}.Debug|Any CPU.ActiveCfg = Debug|Any CPU
		{11372DC2-727C-4C3B-B678-30891C922CB2}.Debug|Any CPU.Build.0 = Debug|Any CPU
		{11372DC2-727C-4C3B-B678-30891C922CB2}.Release|Any CPU.ActiveCfg = Release|Any CPU
		{11372DC2-727C-4C3B-B678-30891C922CB2}.Release|Any CPU.Build.0 = Release|Any CPU
		{EF03D91D-37B8-40B7-B070-D1802A923A6D}.Debug|Any CPU.ActiveCfg = Debug|Any CPU
		{EF03D91D-37B8-40B7-B070-D1802A923A6D}.Debug|Any CPU.Build.0 = Debug|Any CPU
		{EF03D91D-37B8-40B7-B070-D1802A923A6D}.Release|Any CPU.ActiveCfg = Release|Any CPU
		{EF03D91D-37B8-40B7-B070-D1802A923A6D}.Release|Any CPU.Build.0 = Release|Any CPU
		{4CEA0B38-08AF-46AA-834E-42D84BEC0CF7}.Debug|Any CPU.ActiveCfg = Debug|Any CPU
		{4CEA0B38-08AF-46AA-834E-42D84BEC0CF7}.Debug|Any CPU.Build.0 = Debug|Any CPU
		{4CEA0B38-08AF-46AA-834E-42D84BEC0CF7}.Release|Any CPU.ActiveCfg = Release|Any CPU
		{4CEA0B38-08AF-46AA-834E-42D84BEC0CF7}.Release|Any CPU.Build.0 = Release|Any CPU
		{4677B87A-C1F6-4269-8402-E2869C0020A6}.Debug|Any CPU.ActiveCfg = Debug|Any CPU
		{4677B87A-C1F6-4269-8402-E2869C0020A6}.Debug|Any CPU.Build.0 = Debug|Any CPU
		{4677B87A-C1F6-4269-8402-E2869C0020A6}.Release|Any CPU.ActiveCfg = Release|Any CPU
		{4677B87A-C1F6-4269-8402-E2869C0020A6}.Release|Any CPU.Build.0 = Release|Any CPU
		{42A664DE-7173-44CE-9026-2B5D80B25BAB}.Debug|Any CPU.ActiveCfg = Debug|Any CPU
		{42A664DE-7173-44CE-9026-2B5D80B25BAB}.Debug|Any CPU.Build.0 = Debug|Any CPU
		{42A664DE-7173-44CE-9026-2B5D80B25BAB}.Release|Any CPU.ActiveCfg = Release|Any CPU
		{42A664DE-7173-44CE-9026-2B5D80B25BAB}.Release|Any CPU.Build.0 = Release|Any CPU
		{9984BD19-FDDB-41FD-90BE-D3E117F2C841}.Debug|Any CPU.ActiveCfg = Debug|Any CPU
		{9984BD19-FDDB-41FD-90BE-D3E117F2C841}.Debug|Any CPU.Build.0 = Debug|Any CPU
		{9984BD19-FDDB-41FD-90BE-D3E117F2C841}.Release|Any CPU.ActiveCfg = Release|Any CPU
		{9984BD19-FDDB-41FD-90BE-D3E117F2C841}.Release|Any CPU.Build.0 = Release|Any CPU
		{ACD116A6-A7EE-4E6E-A330-769710CB5E42}.Debug|Any CPU.ActiveCfg = Debug|Any CPU
		{ACD116A6-A7EE-4E6E-A330-769710CB5E42}.Debug|Any CPU.Build.0 = Debug|Any CPU
		{ACD116A6-A7EE-4E6E-A330-769710CB5E42}.Release|Any CPU.ActiveCfg = Release|Any CPU
		{ACD116A6-A7EE-4E6E-A330-769710CB5E42}.Release|Any CPU.Build.0 = Release|Any CPU
		{D761FBD3-D853-4006-AE05-6ED63A16E5DE}.Debug|Any CPU.ActiveCfg = Debug|Any CPU
		{D761FBD3-D853-4006-AE05-6ED63A16E5DE}.Debug|Any CPU.Build.0 = Debug|Any CPU
		{D761FBD3-D853-4006-AE05-6ED63A16E5DE}.Release|Any CPU.ActiveCfg = Release|Any CPU
		{D761FBD3-D853-4006-AE05-6ED63A16E5DE}.Release|Any CPU.Build.0 = Release|Any CPU
		{1AB4EADA-33CE-4B10-8C7E-50B43C5B148A}.Debug|Any CPU.ActiveCfg = Debug|Any CPU
		{1AB4EADA-33CE-4B10-8C7E-50B43C5B148A}.Debug|Any CPU.Build.0 = Debug|Any CPU
		{1AB4EADA-33CE-4B10-8C7E-50B43C5B148A}.Release|Any CPU.ActiveCfg = Release|Any CPU
		{1AB4EADA-33CE-4B10-8C7E-50B43C5B148A}.Release|Any CPU.Build.0 = Release|Any CPU
		{910D4485-AC0A-46DC-A0E3-864215D9ABA3}.Debug|Any CPU.ActiveCfg = Debug|Any CPU
		{910D4485-AC0A-46DC-A0E3-864215D9ABA3}.Debug|Any CPU.Build.0 = Debug|Any CPU
		{910D4485-AC0A-46DC-A0E3-864215D9ABA3}.Release|Any CPU.ActiveCfg = Release|Any CPU
		{910D4485-AC0A-46DC-A0E3-864215D9ABA3}.Release|Any CPU.Build.0 = Release|Any CPU
	EndGlobalSection
	GlobalSection(SolutionProperties) = preSolution
		HideSolutionNode = FALSE
	EndGlobalSection
	GlobalSection(NestedProjects) = preSolution
		{E884E881-41CB-47B0-8FD9-32428D6A6D51} = {BB7A2E9C-3629-4524-8DDE-F75A8A64BDF2}
		{986C62B4-625F-4D8F-B3F9-14B826DC0CFE} = {BB7A2E9C-3629-4524-8DDE-F75A8A64BDF2}
		{EDB54255-E6C7-4A2B-8E8A-8FBC51356734} = {BB7A2E9C-3629-4524-8DDE-F75A8A64BDF2}
		{F40955EA-F1F6-4FA5-B2D4-3C8FD963C549} = {E884E881-41CB-47B0-8FD9-32428D6A6D51}
		{FCE986C5-BB6A-431A-8520-5FA97A3C7031} = {EDB54255-E6C7-4A2B-8E8A-8FBC51356734}
		{4EAACD9D-E94F-4658-A819-5210B80615E4} = {986C62B4-625F-4D8F-B3F9-14B826DC0CFE}
		{201BC45E-6C41-4E67-9864-6788F44F1C26} = {FCE986C5-BB6A-431A-8520-5FA97A3C7031}
		{FA0A90F2-314D-4A4D-9D57-5E29660FDE65} = {986C62B4-625F-4D8F-B3F9-14B826DC0CFE}
		{AB09C52E-9CA9-46F3-A698-F4DCD5EE96E0} = {FA0A90F2-314D-4A4D-9D57-5E29660FDE65}
		{11372DC2-727C-4C3B-B678-30891C922CB2} = {4EAACD9D-E94F-4658-A819-5210B80615E4}
		{EF03D91D-37B8-40B7-B070-D1802A923A6D} = {F40955EA-F1F6-4FA5-B2D4-3C8FD963C549}
		{76FCA354-62DC-43DB-85ED-7FCCF0F97D65} = {E884E881-41CB-47B0-8FD9-32428D6A6D51}
		{4CEA0B38-08AF-46AA-834E-42D84BEC0CF7} = {76FCA354-62DC-43DB-85ED-7FCCF0F97D65}
		{C1AEB9BE-B42D-43E9-A3DA-4C94890D6FE1} = {986C62B4-625F-4D8F-B3F9-14B826DC0CFE}
		{4677B87A-C1F6-4269-8402-E2869C0020A6} = {C1AEB9BE-B42D-43E9-A3DA-4C94890D6FE1}
		{90F081F6-E436-4EAC-AA77-CE1DBECFBDA4} = {E884E881-41CB-47B0-8FD9-32428D6A6D51}
		{42A664DE-7173-44CE-9026-2B5D80B25BAB} = {90F081F6-E436-4EAC-AA77-CE1DBECFBDA4}
		{0EDE6A76-408A-494E-9A7F-C55165D4E576} = {986C62B4-625F-4D8F-B3F9-14B826DC0CFE}
		{9984BD19-FDDB-41FD-90BE-D3E117F2C841} = {0EDE6A76-408A-494E-9A7F-C55165D4E576}
		{90A55DB5-7F3A-4FD9-B1AC-9494AC81E19C} = {BB7A2E9C-3629-4524-8DDE-F75A8A64BDF2}
		{7CAC68B9-37BB-4751-8886-739AE35C99C7} = {90A55DB5-7F3A-4FD9-B1AC-9494AC81E19C}
		{ACD116A6-A7EE-4E6E-A330-769710CB5E42} = {7CAC68B9-37BB-4751-8886-739AE35C99C7}
		{67041916-B70F-453E-8325-8D2A1531BF3A} = {986C62B4-625F-4D8F-B3F9-14B826DC0CFE}
		{D761FBD3-D853-4006-AE05-6ED63A16E5DE} = {67041916-B70F-453E-8325-8D2A1531BF3A}
		{1AB4EADA-33CE-4B10-8C7E-50B43C5B148A} = {67041916-B70F-453E-8325-8D2A1531BF3A}
		{910D4485-AC0A-46DC-A0E3-864215D9ABA3} = {67041916-B70F-453E-8325-8D2A1531BF3A}
	EndGlobalSection
	GlobalSection(ExtensibilityGlobals) = postSolution
		SolutionGuid = {3BF25E5E-073E-4228-A2E3-CEAE546AB337}
	EndGlobalSection
EndGlobal
